
Microsoft Visual Studio Solution File, Format Version 12.00
# Visual Studio Version 17
VisualStudioVersion = 17.5.33516.290
MinimumVisualStudioVersion = 10.0.40219.1
Project("{9A19103F-16F7-4668-BE54-9A1E7A4F7556}") = "UserService", "UserService\UserService.csproj", "{2EDF1CBA-6B10-4105-9964-E3D69A8AD8E8}"
EndProject
Project("{9A19103F-16F7-4668-BE54-9A1E7A4F7556}") = "OrderService", "OrderService\OrderService.csproj", "{49FF3779-2070-4634-8BB4-7DA34B0537D2}"
EndProject
Project("{9A19103F-16F7-4668-BE54-9A1E7A4F7556}") = "PaymentService", "PaymentService\PaymentService.csproj", "{1A4230C5-D1A8-4420-832D-389BF1634667}"
EndProject
Project("{9A19103F-16F7-4668-BE54-9A1E7A4F7556}") = "SharedModel", "SharedModel\SharedModel.csproj", "{4096C80A-54A4-49AC-94ED-0764B9427C37}"
EndProject
Project("{FAE04EC0-301F-11D3-BF4B-00C04F79EFBC}") = "DistributedTracing", "DistributedTracing\DistributedTracing.csproj", "{5B8786F0-1F5B-4EB6-803F-B685E7E4B3CB}"
EndProject
Global
	GlobalSection(SolutionConfigurationPlatforms) = preSolution
		Debug|Any CPU = Debug|Any CPU
		Release|Any CPU = Release|Any CPU
	EndGlobalSection
	GlobalSection(ProjectConfigurationPlatforms) = postSolution
		{2EDF1CBA-6B10-4105-9964-E3D69A8AD8E8}.Debug|Any CPU.ActiveCfg = Debug|Any CPU
		{2EDF1CBA-6B10-4105-9964-E3D69A8AD8E8}.Debug|Any CPU.Build.0 = Debug|Any CPU
		{2EDF1CBA-6B10-4105-9964-E3D69A8AD8E8}.Release|Any CPU.ActiveCfg = Release|Any CPU
		{2EDF1CBA-6B10-4105-9964-E3D69A8AD8E8}.Release|Any CPU.Build.0 = Release|Any CPU
		{49FF3779-2070-4634-8BB4-7DA34B0537D2}.Debug|Any CPU.ActiveCfg = Debug|Any CPU
		{49FF3779-2070-4634-8BB4-7DA34B0537D2}.Debug|Any CPU.Build.0 = Debug|Any CPU
		{49FF3779-2070-4634-8BB4-7DA34B0537D2}.Release|Any CPU.ActiveCfg = Release|Any CPU
		{49FF3779-2070-4634-8BB4-7DA34B0537D2}.Release|Any CPU.Build.0 = Release|Any CPU
		{1A4230C5-D1A8-4420-832D-389BF1634667}.Debug|Any CPU.ActiveCfg = Debug|Any CPU
		{1A4230C5-D1A8-4420-832D-389BF1634667}.Debug|Any CPU.Build.0 = Debug|Any CPU
		{1A4230C5-D1A8-4420-832D-389BF1634667}.Release|Any CPU.ActiveCfg = Release|Any CPU
		{1A4230C5-D1A8-4420-832D-389BF1634667}.Release|Any CPU.Build.0 = Release|Any CPU
		{4096C80A-54A4-49AC-94ED-0764B9427C37}.Debug|Any CPU.ActiveCfg = Debug|Any CPU
		{4096C80A-54A4-49AC-94ED-0764B9427C37}.Debug|Any CPU.Build.0 = Debug|Any CPU
		{4096C80A-54A4-49AC-94ED-0764B9427C37}.Release|Any CPU.ActiveCfg = Release|Any CPU
		{4096C80A-54A4-49AC-94ED-0764B9427C37}.Release|Any CPU.Build.0 = Release|Any CPU
		{5B8786F0-1F5B-4EB6-803F-B685E7E4B3CB}.Debug|Any CPU.ActiveCfg = Debug|Any CPU
		{5B8786F0-1F5B-4EB6-803F-B685E7E4B3CB}.Debug|Any CPU.Build.0 = Debug|Any CPU
		{5B8786F0-1F5B-4EB6-803F-B685E7E4B3CB}.Release|Any CPU.ActiveCfg = Release|Any CPU
		{5B8786F0-1F5B-4EB6-803F-B685E7E4B3CB}.Release|Any CPU.Build.0 = Release|Any CPU
	EndGlobalSection
	GlobalSection(SolutionProperties) = preSolution
		HideSolutionNode = FALSE
	EndGlobalSection
	GlobalSection(ExtensibilityGlobals) = postSolution
		SolutionGuid = {45E4EF10-2BED-498A-A263-61A220DCCDA9}
	EndGlobalSection
EndGlobal
